
Microsoft Visual Studio Solution File, Format Version 12.00
# Visual Studio Version 16
VisualStudioVersion = 16.0.31729.503
MinimumVisualStudioVersion = 10.0.40219.1
Project("{FAE04EC0-301F-11D3-BF4B-00C04F79EFBC}") = "Zmienne stałe i podstawowe typy danych", "Zmienne stałe i podstawowe typy danych.csproj", "{86421102-1AB0-4507-BDB7-8317F06176A9}"
EndProject
Global
	GlobalSection(SolutionConfigurationPlatforms) = preSolution
		Debug|Any CPU = Debug|Any CPU
		Release|Any CPU = Release|Any CPU
	EndGlobalSection
	GlobalSection(ProjectConfigurationPlatforms) = postSolution
		{86421102-1AB0-4507-BDB7-8317F06176A9}.Debug|Any CPU.ActiveCfg = Debug|Any CPU
		{86421102-1AB0-4507-BDB7-8317F06176A9}.Debug|Any CPU.Build.0 = Debug|Any CPU
		{86421102-1AB0-4507-BDB7-8317F06176A9}.Release|Any CPU.ActiveCfg = Release|Any CPU
		{86421102-1AB0-4507-BDB7-8317F06176A9}.Release|Any CPU.Build.0 = Release|Any CPU
	EndGlobalSection
	GlobalSection(SolutionProperties) = preSolution
		HideSolutionNode = FALSE
	EndGlobalSection
	GlobalSection(ExtensibilityGlobals) = postSolution
		SolutionGuid = {266BA76B-1A8E-41AA-934A-60358F306064}
	EndGlobalSection
EndGlobal
